
Microsoft Visual Studio Solution File, Format Version 12.00
# Visual Studio Version 17
VisualStudioVersion = 17.1.32210.238
MinimumVisualStudioVersion = 10.0.40219.1
Project("{9A19103F-16F7-4668-BE54-9A1E7A4F7556}") = "GameStore.PL", "GameStore.PL\GameStore.PL.csproj", "{6FF9398F-C6E1-49A3-80CB-B11FF1B4533E}"
EndProject
Project("{9A19103F-16F7-4668-BE54-9A1E7A4F7556}") = "GameStore.BLL", "GameStore.BLL\GameStore.BLL.csproj", "{082A7957-1EB3-4602-BCE1-CD3AC56C130F}"
EndProject
Project("{9A19103F-16F7-4668-BE54-9A1E7A4F7556}") = "GameStore.DAL", "GameStore.DAL\GameStore.DAL.csproj", "{A9DDDDFD-CEB3-4C4F-8D80-969A58AABEC3}"
EndProject
Project("{9A19103F-16F7-4668-BE54-9A1E7A4F7556}") = "GameStore.Tests", "GameStore.Tests\GameStore.Tests.csproj", "{8F0F31F7-2312-4498-BDD6-E3D6E40B151D}"
EndProject
Project("{9A19103F-16F7-4668-BE54-9A1E7A4F7556}") = "GameStore.DomainModels", "GameStore.DomainModels\GameStore.DomainModels.csproj", "{7659AA3F-A271-429F-AE1B-1C718AE5013D}"
EndProject
Project("{9A19103F-16F7-4668-BE54-9A1E7A4F7556}") = "GameStore.DAL.Abstractions", "GameStore.DAL.Abstractions\GameStore.DAL.Abstractions.csproj", "{CD91FB38-003A-4A9A-A64F-E1CEF909D450}"
EndProject
Global
	GlobalSection(SolutionConfigurationPlatforms) = preSolution
		Debug|Any CPU = Debug|Any CPU
		Release|Any CPU = Release|Any CPU
	EndGlobalSection
	GlobalSection(ProjectConfigurationPlatforms) = postSolution
		{6FF9398F-C6E1-49A3-80CB-B11FF1B4533E}.Debug|Any CPU.ActiveCfg = Debug|Any CPU
		{6FF9398F-C6E1-49A3-80CB-B11FF1B4533E}.Debug|Any CPU.Build.0 = Debug|Any CPU
		{6FF9398F-C6E1-49A3-80CB-B11FF1B4533E}.Release|Any CPU.ActiveCfg = Release|Any CPU
		{6FF9398F-C6E1-49A3-80CB-B11FF1B4533E}.Release|Any CPU.Build.0 = Release|Any CPU
		{082A7957-1EB3-4602-BCE1-CD3AC56C130F}.Debug|Any CPU.ActiveCfg = Debug|Any CPU
		{082A7957-1EB3-4602-BCE1-CD3AC56C130F}.Debug|Any CPU.Build.0 = Debug|Any CPU
		{082A7957-1EB3-4602-BCE1-CD3AC56C130F}.Release|Any CPU.ActiveCfg = Release|Any CPU
		{082A7957-1EB3-4602-BCE1-CD3AC56C130F}.Release|Any CPU.Build.0 = Release|Any CPU
		{A9DDDDFD-CEB3-4C4F-8D80-969A58AABEC3}.Debug|Any CPU.ActiveCfg = Debug|Any CPU
		{A9DDDDFD-CEB3-4C4F-8D80-969A58AABEC3}.Debug|Any CPU.Build.0 = Debug|Any CPU
		{A9DDDDFD-CEB3-4C4F-8D80-969A58AABEC3}.Release|Any CPU.ActiveCfg = Release|Any CPU
		{A9DDDDFD-CEB3-4C4F-8D80-969A58AABEC3}.Release|Any CPU.Build.0 = Release|Any CPU
		{8F0F31F7-2312-4498-BDD6-E3D6E40B151D}.Debug|Any CPU.ActiveCfg = Debug|Any CPU
		{8F0F31F7-2312-4498-BDD6-E3D6E40B151D}.Debug|Any CPU.Build.0 = Debug|Any CPU
		{8F0F31F7-2312-4498-BDD6-E3D6E40B151D}.Release|Any CPU.ActiveCfg = Release|Any CPU
		{8F0F31F7-2312-4498-BDD6-E3D6E40B151D}.Release|Any CPU.Build.0 = Release|Any CPU
		{7659AA3F-A271-429F-AE1B-1C718AE5013D}.Debug|Any CPU.ActiveCfg = Debug|Any CPU
		{7659AA3F-A271-429F-AE1B-1C718AE5013D}.Debug|Any CPU.Build.0 = Debug|Any CPU
		{7659AA3F-A271-429F-AE1B-1C718AE5013D}.Release|Any CPU.ActiveCfg = Release|Any CPU
		{7659AA3F-A271-429F-AE1B-1C718AE5013D}.Release|Any CPU.Build.0 = Release|Any CPU
		{CD91FB38-003A-4A9A-A64F-E1CEF909D450}.Debug|Any CPU.ActiveCfg = Debug|Any CPU
		{CD91FB38-003A-4A9A-A64F-E1CEF909D450}.Debug|Any CPU.Build.0 = Debug|Any CPU
		{CD91FB38-003A-4A9A-A64F-E1CEF909D450}.Release|Any CPU.ActiveCfg = Release|Any CPU
		{CD91FB38-003A-4A9A-A64F-E1CEF909D450}.Release|Any CPU.Build.0 = Release|Any CPU
	EndGlobalSection
	GlobalSection(SolutionProperties) = preSolution
		HideSolutionNode = FALSE
	EndGlobalSection
	GlobalSection(ExtensibilityGlobals) = postSolution
		SolutionGuid = {38D1E474-6527-4718-B773-2EC863CD8C95}
	EndGlobalSection
EndGlobal
